<?xml version="1.0" encoding="utf-8"?>
<Project ToolsVersion="4.0" xmlns="http://schemas.microsoft.com/developer/msbuild/2003">
  <ItemGroup>
    <Filter Include="Source Files">
      <UniqueIdentifier>{4FC737F1-C7A5-4376-A066-2A32D752A2FF}</UniqueIdentifier>
      <Extensions>cpp;c;cc;cxx;c++;cppm;ixx;def;odl;idl;hpj;bat;asm;asmx</Extensions>
    </Filter>
    <Filter Include="Header Files">
      <UniqueIdentifier>{93995380-89BD-4b04-88EB-625FBE52EBFB}</UniqueIdentifier>
      <Extensions>h;hh;hpp;hxx;h++;hm;inl;inc;ipp;xsd</Extensions>
    </Filter>
    <Filter Include="Resource Files">
      <UniqueIdentifier>{67DA6AB6-F800-4c08-8B7A-83BB121AAD01}</UniqueIdentifier>
      <Extensions>rc;ico;cur;bmp;dlg;rc2;rct;bin;rgs;gif;jpg;jpeg;jpe;resx;tiff;tif;png;wav;mfcribbon-ms</Extensions>
    </Filter>
    <Filter Include="Header Files\ImGui">
      <UniqueIdentifier>{c915881e-af0e-4c63-ae83-6b56c6c8bdcd}</UniqueIdentifier>
    </Filter>
    <Filter Include="Source Files\Base">
      <UniqueIdentifier>{cb8ea05b-c942-4338-9bf4-7d227bcaba3a}</UniqueIdentifier>
    </Filter>
    <Filter Include="Source Files\Game">
      <UniqueIdentifier>{03f1b826-ced1-4f4a-874d-8e384b785110}</UniqueIdentifier>
    </Filter>
    <Filter Include="Source Files\Base\Datastructs">
      <UniqueIdentifier>{7690dca8-6910-42e9-bfc7-5aa925a9ff99}</UniqueIdentifier>
    </Filter>
    <Filter Include="Source Files\Game\Helper">
      <UniqueIdentifier>{baf0991f-6f31-4565-8464-6ced25b1bc93}</UniqueIdentifier>
    </Filter>
  </ItemGroup>
  <ItemGroup>
    <ClInclude Include="main.h">
      <Filter>Source Files</Filter>
    </ClInclude>
    <ClInclude Include="common\include\imgui-master\imconfig.h">
      <Filter>Header Files\ImGui</Filter>
    </ClInclude>
    <ClInclude Include="common\include\imgui-master\imgui.h">
      <Filter>Header Files\ImGui</Filter>
    </ClInclude>
    <ClInclude Include="common\include\imgui-master\imgui_internal.h">
      <Filter>Header Files\ImGui</Filter>
    </ClInclude>
    <ClInclude Include="common\include\imgui-master\imstb_rectpack.h">
      <Filter>Header Files\ImGui</Filter>
    </ClInclude>
    <ClInclude Include="common\include\imgui-master\imstb_textedit.h">
      <Filter>Header Files\ImGui</Filter>
    </ClInclude>
    <ClInclude Include="common\include\imgui-master\imstb_truetype.h">
      <Filter>Header Files\ImGui</Filter>
    </ClInclude>
    <ClInclude Include="common\include\imgui-master\examples\imgui_impl_glfw.h">
      <Filter>Header Files\ImGui</Filter>
    </ClInclude>
    <ClInclude Include="common\include\imgui-master\examples\imgui_impl_opengl3.h">
      <Filter>Header Files\ImGui</Filter>
    </ClInclude>
    <ClInclude Include="common\include\imgui_impl_pge.h">
      <Filter>Header Files</Filter>
    </ClInclude>
    <ClInclude Include="common\include\tinyxml2.h">
      <Filter>Header Files</Filter>
    </ClInclude>
    <ClInclude Include="ComponentSystem.h">
      <Filter>Source Files\Base</Filter>
    </ClInclude>
    <ClInclude Include="Components.h">
      <Filter>Source Files\Base</Filter>
    </ClInclude>
    <ClInclude Include="ColorConsole.h">
      <Filter>Source Files\Base</Filter>
    </ClInclude>
    <ClInclude Include="GameObject.h">
      <Filter>Source Files\Base</Filter>
    </ClInclude>
    <ClInclude Include="GameObjectCreator.h">
      <Filter>Source Files\Base</Filter>
    </ClInclude>
    <ClInclude Include="GameWorldTimer.h">
      <Filter>Source Files\Base</Filter>
    </ClInclude>
    <ClInclude Include="GameWorldTime.h">
      <Filter>Source Files\Base</Filter>
    </ClInclude>
    <ClInclude Include="GameWorld.h">
      <Filter>Source Files\Base</Filter>
    </ClInclude>
    <ClInclude Include="olcPixelGameEngine.h">
      <Filter>Source Files\Base</Filter>
    </ClInclude>
    <ClInclude Include="olcPGEX_TransformedView.h">
      <Filter>Source Files\Base</Filter>
    </ClInclude>
    <ClInclude Include="WorldState.h">
      <Filter>Source Files\Base</Filter>
    </ClInclude>
    <ClInclude Include="Timer.h">
      <Filter>Source Files\Base</Filter>
    </ClInclude>
    <ClInclude Include="IUnit.h">
      <Filter>Source Files\Game</Filter>
    </ClInclude>
    <ClInclude Include="IBuilding.h">
      <Filter>Source Files\Game</Filter>
    </ClInclude>
    <ClInclude Include="IImprovement.h">
      <Filter>Source Files\Game</Filter>
    </ClInclude>
    <ClInclude Include="ITech.h">
      <Filter>Source Files\Game</Filter>
    </ClInclude>
    <ClInclude Include="IPlayer.h">
      <Filter>Source Files\Game</Filter>
    </ClInclude>
    <ClInclude Include="AVLTree.h">
      <Filter>Source Files\Base\Datastructs</Filter>
    </ClInclude>
    <ClInclude Include="TechInstance.h">
      <Filter>Source Files\Game</Filter>
    </ClInclude>
    <ClInclude Include="Any.h">
      <Filter>Source Files\Base</Filter>
    </ClInclude>
    <ClInclude Include="common\include\imgui-master\imnodes.h">
      <Filter>Header Files\ImGui</Filter>
    </ClInclude>
    <ClInclude Include="common\include\imgui-master\imnodes_internal.h">
      <Filter>Header Files\ImGui</Filter>
    </ClInclude>
    <ClInclude Include="PlayerInstance.h">
      <Filter>Source Files\Game</Filter>
    </ClInclude>
    <ClInclude Include="Random.h">
      <Filter>Source Files\Base</Filter>
    </ClInclude>
    <ClInclude Include="IMaptile.h">
      <Filter>Source Files\Game</Filter>
    </ClInclude>
    <ClInclude Include="MaptileRegions.h">
      <Filter>Source Files\Game</Filter>
    </ClInclude>
    <ClInclude Include="FiniteStateMachine.h">
      <Filter>Source Files\Base</Filter>
    </ClInclude>
    <ClInclude Include="ICity.h">
      <Filter>Source Files\Game</Filter>
    </ClInclude>
    <ClInclude Include="RandomNameGenerator.h">
      <Filter>Source Files\Game\Helper</Filter>
    </ClInclude>
  </ItemGroup>
  <ItemGroup>
    <ClCompile Include="main.cpp">
      <Filter>Source Files</Filter>
    </ClCompile>
    <ClCompile Include="common\include\imgui-master\imgui.cpp">
      <Filter>Header Files\ImGui</Filter>
    </ClCompile>
    <ClCompile Include="common\include\imgui-master\imgui_demo.cpp">
      <Filter>Header Files\ImGui</Filter>
    </ClCompile>
    <ClCompile Include="common\include\imgui-master\imgui_draw.cpp">
      <Filter>Header Files\ImGui</Filter>
    </ClCompile>
    <ClCompile Include="common\include\imgui-master\imgui_tables.cpp">
      <Filter>Header Files\ImGui</Filter>
    </ClCompile>
    <ClCompile Include="common\include\imgui-master\imgui_widgets.cpp">
      <Filter>Header Files\ImGui</Filter>
    </ClCompile>
    <ClCompile Include="common\include\imgui-master\examples\imgui_impl_glfw.cpp">
      <Filter>Header Files\ImGui</Filter>
    </ClCompile>
    <ClCompile Include="common\include\imgui-master\examples\imgui_impl_opengl3.cpp">
      <Filter>Header Files\ImGui</Filter>
    </ClCompile>
    <ClCompile Include="common\include\tinyxml2.cpp">
      <Filter>Header Files</Filter>
    </ClCompile>
    <ClCompile Include="ComponentSystem.cpp">
      <Filter>Source Files\Base</Filter>
    </ClCompile>
    <ClCompile Include="Components.cpp">
      <Filter>Source Files\Base</Filter>
    </ClCompile>
    <ClCompile Include="GameObject.cpp">
      <Filter>Source Files\Base</Filter>
    </ClCompile>
    <ClCompile Include="GameObjectCreator.cpp">
      <Filter>Source Files\Base</Filter>
    </ClCompile>
    <ClCompile Include="GameWorldTime.cpp">
      <Filter>Source Files\Base</Filter>
    </ClCompile>
    <ClCompile Include="GameWorld.cpp">
      <Filter>Source Files\Base</Filter>
    </ClCompile>
    <ClCompile Include="Any.cpp">
      <Filter>Source Files\Base</Filter>
    </ClCompile>
    <ClCompile Include="TechInstance.cpp">
      <Filter>Source Files\Game</Filter>
    </ClCompile>
    <ClCompile Include="ITech.cpp">
      <Filter>Source Files\Game</Filter>
    </ClCompile>
    <ClCompile Include="common\include\imgui-master\imnodes.cpp">
      <Filter>Header Files\ImGui</Filter>
    </ClCompile>
    <ClCompile Include="PlayerInstance.cpp">
      <Filter>Source Files\Game</Filter>
    </ClCompile>
    <ClCompile Include="Random.cpp">
      <Filter>Source Files\Base</Filter>
    </ClCompile>
    <ClCompile Include="IMaptile.cpp">
      <Filter>Source Files\Game</Filter>
    </ClCompile>
    <ClCompile Include="MaptileRegions.cpp">
      <Filter>Source Files\Game</Filter>
    </ClCompile>
    <ClCompile Include="RandomNameGenerator.cpp">
      <Filter>Source Files\Game\Helper</Filter>
    </ClCompile>
  </ItemGroup>
</Project>